
Microsoft Visual Studio Solution File, Format Version 12.00
# Visual Studio 14
VisualStudioVersion = 14.0.25420.1
MinimumVisualStudioVersion = 10.0.40219.1
Project("{FAE04EC0-301F-11D3-BF4B-00C04F79EFBC}") = "Xolartek.Web", "Xolartek.Web\Xolartek.Web.csproj", "{AACB40AD-57DE-49CE-9FCD-3DD03C816821}"
EndProject
Project("{FAE04EC0-301F-11D3-BF4B-00C04F79EFBC}") = "Xolartek.Core", "Xolartek.Core\Xolartek.Core.csproj", "{0EF05002-2213-43BC-8481-2D212CDFC85F}"
EndProject
Project("{FAE04EC0-301F-11D3-BF4B-00C04F79EFBC}") = "Xolartek.ORM", "Xolartek.ORM\Xolartek.ORM.csproj", "{3760B979-3771-49A6-AC09-D17CAEEDFC02}"
EndProject
Global
	GlobalSection(SolutionConfigurationPlatforms) = preSolution
		Debug|Any CPU = Debug|Any CPU
		Release|Any CPU = Release|Any CPU
	EndGlobalSection
	GlobalSection(ProjectConfigurationPlatforms) = postSolution
		{AACB40AD-57DE-49CE-9FCD-3DD03C816821}.Debug|Any CPU.ActiveCfg = Debug|Any CPU
		{AACB40AD-57DE-49CE-9FCD-3DD03C816821}.Debug|Any CPU.Build.0 = Debug|Any CPU
		{AACB40AD-57DE-49CE-9FCD-3DD03C816821}.Release|Any CPU.ActiveCfg = Release|Any CPU
		{AACB40AD-57DE-49CE-9FCD-3DD03C816821}.Release|Any CPU.Build.0 = Release|Any CPU
		{0EF05002-2213-43BC-8481-2D212CDFC85F}.Debug|Any CPU.ActiveCfg = Debug|Any CPU
		{0EF05002-2213-43BC-8481-2D212CDFC85F}.Debug|Any CPU.Build.0 = Debug|Any CPU
		{0EF05002-2213-43BC-8481-2D212CDFC85F}.Release|Any CPU.ActiveCfg = Release|Any CPU
		{0EF05002-2213-43BC-8481-2D212CDFC85F}.Release|Any CPU.Build.0 = Release|Any CPU
		{3760B979-3771-49A6-AC09-D17CAEEDFC02}.Debug|Any CPU.ActiveCfg = Debug|Any CPU
		{3760B979-3771-49A6-AC09-D17CAEEDFC02}.Debug|Any CPU.Build.0 = Debug|Any CPU
		{3760B979-3771-49A6-AC09-D17CAEEDFC02}.Release|Any CPU.ActiveCfg = Release|Any CPU
		{3760B979-3771-49A6-AC09-D17CAEEDFC02}.Release|Any CPU.Build.0 = Release|Any CPU
	EndGlobalSection
	GlobalSection(SolutionProperties) = preSolution
		HideSolutionNode = FALSE
	EndGlobalSection
EndGlobal
